{
  "nodes": {
    "darwin-system": {
      "locked": {
        "lastModified": 1680978170,
        "narHash": "sha256-PHVNQ7y0EQYzujQRYoRdb96K0m1KSeAjSrbz2b75S6Q=",
        "owner": "nix-systems",
        "repo": "aarch64-darwin",
        "rev": "75e6c6912484d28ebba5769b794ffa4aff653ba2",
        "type": "github"
      },
      "original": {
        "owner": "nix-systems",
        "repo": "aarch64-darwin",
        "type": "github"
      }
    },
    "linux-system": {
      "locked": {
        "lastModified": 1680978097,
        "narHash": "sha256-1Zp7TRYLXj4P5FLhQ8jBChrgAmQxR3iTypmWf9EFTnc=",
        "owner": "nix-systems",
        "repo": "aarch64-linux",
        "rev": "aa1ce1b64c822dff925d63d3e771113f71ada1bb",
        "type": "github"
      },
      "original": {
        "owner": "nix-systems",
        "repo": "aarch64-linux",
        "type": "github"
      }
    },
    "nixpkgs": {
      "locked": {
        "lastModified": 1743583204,
        "narHash": "sha256-F7n4+KOIfWrwoQjXrL2wD9RhFYLs2/GGe/MQY1sSdlE=",
        "owner": "nixos",
        "repo": "nixpkgs",
        "rev": "2c8d3f48d33929642c1c12cd243df4cc7d2ce434",
        "type": "github"
      },
      "original": {
        "owner": "nixos",
        "ref": "nixos-unstable",
        "repo": "nixpkgs",
        "type": "github"
      }
    },
    "root": {
      "inputs": {
        "darwin-system": "darwin-system",
        "linux-system": "linux-system",
        "nixpkgs": "nixpkgs"
      }
    }
  },
  "root": "root",
  "version": 7
}
